
Microsoft Visual Studio Solution File, Format Version 12.00
# Visual Studio Version 16
VisualStudioVersion = 16.0.29613.14
MinimumVisualStudioVersion = 10.0.40219.1
Project("{9A19103F-16F7-4668-BE54-9A1E7A4F7556}") = "Identity.OAuth", "..\Identity.OAuth\Identity.OAuth.csproj", "{C1AD2D91-C609-4BAF-9347-9802323FBE92}"
EndProject
Project("{9A19103F-16F7-4668-BE54-9A1E7A4F7556}") = "Identity.API", "..\Identity.API\Identity.API.csproj", "{A14E9871-291E-4093-A1E6-9CE299486913}"
EndProject
Global
	GlobalSection(SolutionConfigurationPlatforms) = preSolution
		Debug|Any CPU = Debug|Any CPU
		Release|Any CPU = Release|Any CPU
	EndGlobalSection
	GlobalSection(ProjectConfigurationPlatforms) = postSolution
		{C1AD2D91-C609-4BAF-9347-9802323FBE92}.Debug|Any CPU.ActiveCfg = Debug|Any CPU
		{C1AD2D91-C609-4BAF-9347-9802323FBE92}.Debug|Any CPU.Build.0 = Debug|Any CPU
		{C1AD2D91-C609-4BAF-9347-9802323FBE92}.Release|Any CPU.ActiveCfg = Release|Any CPU
		{C1AD2D91-C609-4BAF-9347-9802323FBE92}.Release|Any CPU.Build.0 = Release|Any CPU
		{A14E9871-291E-4093-A1E6-9CE299486913}.Debug|Any CPU.ActiveCfg = Debug|Any CPU
		{A14E9871-291E-4093-A1E6-9CE299486913}.Debug|Any CPU.Build.0 = Debug|Any CPU
		{A14E9871-291E-4093-A1E6-9CE299486913}.Release|Any CPU.ActiveCfg = Release|Any CPU
		{A14E9871-291E-4093-A1E6-9CE299486913}.Release|Any CPU.Build.0 = Release|Any CPU
	EndGlobalSection
	GlobalSection(SolutionProperties) = preSolution
		HideSolutionNode = FALSE
	EndGlobalSection
	GlobalSection(ExtensibilityGlobals) = postSolution
		SolutionGuid = {BF574B75-6FC4-48D3-A05A-F3F48B88A48E}
	EndGlobalSection
EndGlobal
